
Microsoft Visual Studio Solution File, Format Version 12.00
Project("{2150E333-8FDC-42A3-9474-1A3956D46DE8}") = "Unedited API", "Unedited API", "{73123EB9-3A4D-4C87-BC85-639D0FF2CABA}"
EndProject
Project("{FAE04EC0-301F-11D3-BF4B-00C04F79EFBC}") = "Customers.Api", "Unedited API\Customers.Api\Customers.Api.csproj", "{F0533255-6FE6-4E8E-9847-75827A7603C1}"
EndProject
Project("{2150E333-8FDC-42A3-9474-1A3956D46DE8}") = "3. Fundamentals", "3. Fundamentals", "{69091825-21EA-496D-8EF1-BCB47C30B2C9}"
EndProject
Project("{2150E333-8FDC-42A3-9474-1A3956D46DE8}") = "src", "src", "{CEA6A8E5-FB1A-42EA-AA86-6C2C1672B2E2}"
EndProject
Project("{2150E333-8FDC-42A3-9474-1A3956D46DE8}") = "tests", "tests", "{53AD116B-7762-491B-8E5B-F5CB181B37C5}"
EndProject
Project("{FAE04EC0-301F-11D3-BF4B-00C04F79EFBC}") = "Customers.Api", "3. Fundamentals\src\Customers.Api\Customers.Api.csproj", "{B679636D-3F47-44CC-B94F-361FCAE06C1C}"
EndProject
Project("{FAE04EC0-301F-11D3-BF4B-00C04F79EFBC}") = "Customers.Api.Tests.Integration", "3. Fundamentals\tests\Customers.Api.Tests.Integration\Customers.Api.Tests.Integration.csproj", "{CCD2EB94-3012-44E7-AF7A-8B9DBB0B7BB6}"
EndProject
Project("{2150E333-8FDC-42A3-9474-1A3956D46DE8}") = "4. Techniques", "4. Techniques", "{E06B10A1-8641-4EA1-B175-C0A8070F93DC}"
EndProject
Project("{2150E333-8FDC-42A3-9474-1A3956D46DE8}") = "src", "src", "{78E12852-42C9-4BA4-9645-1CF4C6F38D51}"
EndProject
Project("{2150E333-8FDC-42A3-9474-1A3956D46DE8}") = "tests", "tests", "{1A3C2A7B-ECFA-4152-8DFF-110497C82EA1}"
EndProject
Project("{2150E333-8FDC-42A3-9474-1A3956D46DE8}") = "5. Concepts & Practices", "5. Concepts & Practices", "{13207A52-7B0C-465B-AA7C-673EDFAFF89C}"
EndProject
Project("{2150E333-8FDC-42A3-9474-1A3956D46DE8}") = "src", "src", "{F8051D7A-5915-4019-94F5-8FD57379E0D2}"
EndProject
Project("{2150E333-8FDC-42A3-9474-1A3956D46DE8}") = "tests", "tests", "{6DF7EABB-0FE3-4991-A305-6C2A43BFF73A}"
EndProject
Project("{FAE04EC0-301F-11D3-BF4B-00C04F79EFBC}") = "TestingTechniques", "4. Techniques\src\TestingTechniques\TestingTechniques.csproj", "{13FE38C7-AB98-4D59-9E90-9DFFAA9D0E06}"
EndProject
Project("{FAE04EC0-301F-11D3-BF4B-00C04F79EFBC}") = "TestingTechniques.Tests.Unit", "4. Techniques\tests\TestingTechniques.Tests.Unit\TestingTechniques.Tests.Unit.csproj", "{3B49B401-38BB-49E7-BCC1-476D22CEAEB8}"
EndProject
Project("{FAE04EC0-301F-11D3-BF4B-00C04F79EFBC}") = "Customers.Api", "5. Concepts & Practices\src\Customers.Api\Customers.Api.csproj", "{8D66922A-687D-4A9D-BEB5-6DAD28BBC14C}"
EndProject
Project("{FAE04EC0-301F-11D3-BF4B-00C04F79EFBC}") = "Customers.Api.Tests.Integration", "5. Concepts & Practices\tests\Customers.Api.Tests.Integration\Customers.Api.Tests.Integration.csproj", "{6CC7A4BF-37CA-4DEC-BBC3-F76D206852FA}"
EndProject
Project("{2150E333-8FDC-42A3-9474-1A3956D46DE8}") = "6. Real world testing", "6. Real world testing", "{8566CB9C-3D01-48D5-BD91-6B8130A9295C}"
EndProject
Project("{2150E333-8FDC-42A3-9474-1A3956D46DE8}") = "src", "src", "{0CBCB68F-1AD6-433E-9528-6CB0A062C71F}"
EndProject
Project("{2150E333-8FDC-42A3-9474-1A3956D46DE8}") = "tests", "tests", "{E6479780-F63A-4DF7-BDC3-038F448B0388}"
EndProject
Project("{FAE04EC0-301F-11D3-BF4B-00C04F79EFBC}") = "Customers.Api", "6. Real world testing\src\Customers.Api\Customers.Api.csproj", "{223A7753-0275-4CDC-96DA-4E0A74870A7D}"
EndProject
Project("{FAE04EC0-301F-11D3-BF4B-00C04F79EFBC}") = "Customers.Api.Tests.Integration", "6. Real world testing\tests\Customers.Api.Tests.Integration\Customers.Api.Tests.Integration.csproj", "{10A4777B-DC60-4FB3-A551-22A4E8CE77FD}"
EndProject
Project("{FAE04EC0-301F-11D3-BF4B-00C04F79EFBC}") = "FakeApi", "6. Real world testing\src\FakeApi\FakeApi.csproj", "{84390358-0B60-48FD-9B62-D9EB165D8167}"
EndProject
Project("{2150E333-8FDC-42A3-9474-1A3956D46DE8}") = "7. Web UI testing", "7. Web UI testing", "{EB03F252-9966-4DB6-B2FE-DE35330E46FC}"
EndProject
Project("{2150E333-8FDC-42A3-9474-1A3956D46DE8}") = "src", "src", "{C15F1CDE-05D4-44A3-A955-37CA64E79A6A}"
EndProject
Project("{2150E333-8FDC-42A3-9474-1A3956D46DE8}") = "tests", "tests", "{3C0DCC80-A049-4C1E-AA1F-B825B3DA5C82}"
EndProject
Project("{FAE04EC0-301F-11D3-BF4B-00C04F79EFBC}") = "Customers.WebApp", "7. Web UI testing\src\Customers.WebApp\Customers.WebApp.csproj", "{CA01E71F-843B-475B-9711-29EA8E77E86E}"
EndProject
Project("{FAE04EC0-301F-11D3-BF4B-00C04F79EFBC}") = "Customers.WebApp.Tests.Integration", "7. Web UI testing\tests\Customers.WebApp.Tests.Integration\Customers.WebApp.Tests.Integration.csproj", "{9890A190-1010-47CA-BB16-2C5381558431}"
EndProject
Global
	GlobalSection(SolutionConfigurationPlatforms) = preSolution
		Debug|Any CPU = Debug|Any CPU
		Release|Any CPU = Release|Any CPU
	EndGlobalSection
	GlobalSection(NestedProjects) = preSolution
		{F0533255-6FE6-4E8E-9847-75827A7603C1} = {73123EB9-3A4D-4C87-BC85-639D0FF2CABA}
		{CEA6A8E5-FB1A-42EA-AA86-6C2C1672B2E2} = {69091825-21EA-496D-8EF1-BCB47C30B2C9}
		{53AD116B-7762-491B-8E5B-F5CB181B37C5} = {69091825-21EA-496D-8EF1-BCB47C30B2C9}
		{B679636D-3F47-44CC-B94F-361FCAE06C1C} = {CEA6A8E5-FB1A-42EA-AA86-6C2C1672B2E2}
		{CCD2EB94-3012-44E7-AF7A-8B9DBB0B7BB6} = {53AD116B-7762-491B-8E5B-F5CB181B37C5}
		{78E12852-42C9-4BA4-9645-1CF4C6F38D51} = {E06B10A1-8641-4EA1-B175-C0A8070F93DC}
		{1A3C2A7B-ECFA-4152-8DFF-110497C82EA1} = {E06B10A1-8641-4EA1-B175-C0A8070F93DC}
		{F8051D7A-5915-4019-94F5-8FD57379E0D2} = {13207A52-7B0C-465B-AA7C-673EDFAFF89C}
		{6DF7EABB-0FE3-4991-A305-6C2A43BFF73A} = {13207A52-7B0C-465B-AA7C-673EDFAFF89C}
		{13FE38C7-AB98-4D59-9E90-9DFFAA9D0E06} = {78E12852-42C9-4BA4-9645-1CF4C6F38D51}
		{3B49B401-38BB-49E7-BCC1-476D22CEAEB8} = {1A3C2A7B-ECFA-4152-8DFF-110497C82EA1}
		{8D66922A-687D-4A9D-BEB5-6DAD28BBC14C} = {F8051D7A-5915-4019-94F5-8FD57379E0D2}
		{6CC7A4BF-37CA-4DEC-BBC3-F76D206852FA} = {6DF7EABB-0FE3-4991-A305-6C2A43BFF73A}
		{0CBCB68F-1AD6-433E-9528-6CB0A062C71F} = {8566CB9C-3D01-48D5-BD91-6B8130A9295C}
		{E6479780-F63A-4DF7-BDC3-038F448B0388} = {8566CB9C-3D01-48D5-BD91-6B8130A9295C}
		{223A7753-0275-4CDC-96DA-4E0A74870A7D} = {0CBCB68F-1AD6-433E-9528-6CB0A062C71F}
		{10A4777B-DC60-4FB3-A551-22A4E8CE77FD} = {E6479780-F63A-4DF7-BDC3-038F448B0388}
		{84390358-0B60-48FD-9B62-D9EB165D8167} = {0CBCB68F-1AD6-433E-9528-6CB0A062C71F}
		{C15F1CDE-05D4-44A3-A955-37CA64E79A6A} = {EB03F252-9966-4DB6-B2FE-DE35330E46FC}
		{3C0DCC80-A049-4C1E-AA1F-B825B3DA5C82} = {EB03F252-9966-4DB6-B2FE-DE35330E46FC}
		{CA01E71F-843B-475B-9711-29EA8E77E86E} = {C15F1CDE-05D4-44A3-A955-37CA64E79A6A}
		{9890A190-1010-47CA-BB16-2C5381558431} = {3C0DCC80-A049-4C1E-AA1F-B825B3DA5C82}
	EndGlobalSection
	GlobalSection(ProjectConfigurationPlatforms) = postSolution
		{F0533255-6FE6-4E8E-9847-75827A7603C1}.Debug|Any CPU.ActiveCfg = Debug|Any CPU
		{F0533255-6FE6-4E8E-9847-75827A7603C1}.Debug|Any CPU.Build.0 = Debug|Any CPU
		{F0533255-6FE6-4E8E-9847-75827A7603C1}.Release|Any CPU.ActiveCfg = Release|Any CPU
		{F0533255-6FE6-4E8E-9847-75827A7603C1}.Release|Any CPU.Build.0 = Release|Any CPU
		{B679636D-3F47-44CC-B94F-361FCAE06C1C}.Debug|Any CPU.ActiveCfg = Debug|Any CPU
		{B679636D-3F47-44CC-B94F-361FCAE06C1C}.Debug|Any CPU.Build.0 = Debug|Any CPU
		{B679636D-3F47-44CC-B94F-361FCAE06C1C}.Release|Any CPU.ActiveCfg = Release|Any CPU
		{B679636D-3F47-44CC-B94F-361FCAE06C1C}.Release|Any CPU.Build.0 = Release|Any CPU
		{CCD2EB94-3012-44E7-AF7A-8B9DBB0B7BB6}.Debug|Any CPU.ActiveCfg = Debug|Any CPU
		{CCD2EB94-3012-44E7-AF7A-8B9DBB0B7BB6}.Debug|Any CPU.Build.0 = Debug|Any CPU
		{CCD2EB94-3012-44E7-AF7A-8B9DBB0B7BB6}.Release|Any CPU.ActiveCfg = Release|Any CPU
		{CCD2EB94-3012-44E7-AF7A-8B9DBB0B7BB6}.Release|Any CPU.Build.0 = Release|Any CPU
		{13FE38C7-AB98-4D59-9E90-9DFFAA9D0E06}.Debug|Any CPU.ActiveCfg = Debug|Any CPU
		{13FE38C7-AB98-4D59-9E90-9DFFAA9D0E06}.Debug|Any CPU.Build.0 = Debug|Any CPU
		{13FE38C7-AB98-4D59-9E90-9DFFAA9D0E06}.Release|Any CPU.ActiveCfg = Release|Any CPU
		{13FE38C7-AB98-4D59-9E90-9DFFAA9D0E06}.Release|Any CPU.Build.0 = Release|Any CPU
		{3B49B401-38BB-49E7-BCC1-476D22CEAEB8}.Debug|Any CPU.ActiveCfg = Debug|Any CPU
		{3B49B401-38BB-49E7-BCC1-476D22CEAEB8}.Debug|Any CPU.Build.0 = Debug|Any CPU
		{3B49B401-38BB-49E7-BCC1-476D22CEAEB8}.Release|Any CPU.ActiveCfg = Release|Any CPU
		{3B49B401-38BB-49E7-BCC1-476D22CEAEB8}.Release|Any CPU.Build.0 = Release|Any CPU
		{8D66922A-687D-4A9D-BEB5-6DAD28BBC14C}.Debug|Any CPU.ActiveCfg = Debug|Any CPU
		{8D66922A-687D-4A9D-BEB5-6DAD28BBC14C}.Debug|Any CPU.Build.0 = Debug|Any CPU
		{8D66922A-687D-4A9D-BEB5-6DAD28BBC14C}.Release|Any CPU.ActiveCfg = Release|Any CPU
		{8D66922A-687D-4A9D-BEB5-6DAD28BBC14C}.Release|Any CPU.Build.0 = Release|Any CPU
		{6CC7A4BF-37CA-4DEC-BBC3-F76D206852FA}.Debug|Any CPU.ActiveCfg = Debug|Any CPU
		{6CC7A4BF-37CA-4DEC-BBC3-F76D206852FA}.Debug|Any CPU.Build.0 = Debug|Any CPU
		{6CC7A4BF-37CA-4DEC-BBC3-F76D206852FA}.Release|Any CPU.ActiveCfg = Release|Any CPU
		{6CC7A4BF-37CA-4DEC-BBC3-F76D206852FA}.Release|Any CPU.Build.0 = Release|Any CPU
		{223A7753-0275-4CDC-96DA-4E0A74870A7D}.Debug|Any CPU.ActiveCfg = Debug|Any CPU
		{223A7753-0275-4CDC-96DA-4E0A74870A7D}.Debug|Any CPU.Build.0 = Debug|Any CPU
		{223A7753-0275-4CDC-96DA-4E0A74870A7D}.Release|Any CPU.ActiveCfg = Release|Any CPU
		{223A7753-0275-4CDC-96DA-4E0A74870A7D}.Release|Any CPU.Build.0 = Release|Any CPU
		{10A4777B-DC60-4FB3-A551-22A4E8CE77FD}.Debug|Any CPU.ActiveCfg = Debug|Any CPU
		{10A4777B-DC60-4FB3-A551-22A4E8CE77FD}.Debug|Any CPU.Build.0 = Debug|Any CPU
		{10A4777B-DC60-4FB3-A551-22A4E8CE77FD}.Release|Any CPU.ActiveCfg = Release|Any CPU
		{10A4777B-DC60-4FB3-A551-22A4E8CE77FD}.Release|Any CPU.Build.0 = Release|Any CPU
		{84390358-0B60-48FD-9B62-D9EB165D8167}.Debug|Any CPU.ActiveCfg = Debug|Any CPU
		{84390358-0B60-48FD-9B62-D9EB165D8167}.Debug|Any CPU.Build.0 = Debug|Any CPU
		{84390358-0B60-48FD-9B62-D9EB165D8167}.Release|Any CPU.ActiveCfg = Release|Any CPU
		{84390358-0B60-48FD-9B62-D9EB165D8167}.Release|Any CPU.Build.0 = Release|Any CPU
		{CA01E71F-843B-475B-9711-29EA8E77E86E}.Debug|Any CPU.ActiveCfg = Debug|Any CPU
		{CA01E71F-843B-475B-9711-29EA8E77E86E}.Debug|Any CPU.Build.0 = Debug|Any CPU
		{CA01E71F-843B-475B-9711-29EA8E77E86E}.Release|Any CPU.ActiveCfg = Release|Any CPU
		{CA01E71F-843B-475B-9711-29EA8E77E86E}.Release|Any CPU.Build.0 = Release|Any CPU
		{9890A190-1010-47CA-BB16-2C5381558431}.Debug|Any CPU.ActiveCfg = Debug|Any CPU
		{9890A190-1010-47CA-BB16-2C5381558431}.Debug|Any CPU.Build.0 = Debug|Any CPU
		{9890A190-1010-47CA-BB16-2C5381558431}.Release|Any CPU.ActiveCfg = Release|Any CPU
		{9890A190-1010-47CA-BB16-2C5381558431}.Release|Any CPU.Build.0 = Release|Any CPU
	EndGlobalSection
EndGlobal
